
Microsoft Visual Studio Solution File, Format Version 12.00
# Visual Studio Version 17
VisualStudioVersion = 17.0.31903.59
MinimumVisualStudioVersion = 10.0.40219.1
Project("{2150E333-8FDC-42A3-9474-1A3956D46DE8}") = "src", "src", "{B823569F-1A84-4195-A7E3-395A74E43E89}"
EndProject
Project("{FAE04EC0-301F-11D3-BF4B-00C04F79EFBC}") = "NHibernaut.Core", "src\NHibernaut.Core\NHibernaut.Core.csproj", "{B13FF440-5701-4B10-BDCF-2C3EB07727CA}"
EndProject
Project("{FAE04EC0-301F-11D3-BF4B-00C04F79EFBC}") = "NHibernaut.Server", "src\NHibernaut.Server\NHibernaut.Server.csproj", "{4A672CD5-97FE-49D1-8D4F-86E89AA05038}"
EndProject
Project("{2150E333-8FDC-42A3-9474-1A3956D46DE8}") = "test", "test", "{71AFD785-8D57-4F08-B623-ECCD3DCDB520}"
EndProject
Project("{FAE04EC0-301F-11D3-BF4B-00C04F79EFBC}") = "NHibernaut.Tests", "test\NHibernaut.Tests\NHibernaut.Tests.csproj", "{8EF9926F-D81E-4483-BA74-610E1DE2AC38}"
EndProject
Project("{2150E333-8FDC-42A3-9474-1A3956D46DE8}") = "samples", "samples", "{5D20AA90-6969-D8BD-9DCD-8634F4692FDA}"
EndProject
Project("{FAE04EC0-301F-11D3-BF4B-00C04F79EFBC}") = "NHibernaut.Sample.Console", "samples\NHibernaut.Sample.Console\NHibernaut.Sample.Console.csproj", "{C6B6D6CC-6354-478C-B3B5-8E21A2B2AFFA}"
EndProject
Project("{FAE04EC0-301F-11D3-BF4B-00C04F79EFBC}") = "NHibernaut.AspNetCore", "src\NHibernaut.AspNetCore\NHibernaut.AspNetCore.csproj", "{83B70CA1-B2A7-4CD9-8BD0-FCC7D1D54E25}"
EndProject
Project("{FAE04EC0-301F-11D3-BF4B-00C04F79EFBC}") = "NHibernaut.Sample.Web", "samples\NHibernaut.Sample.Web\NHibernaut.Sample.Web.csproj", "{1A18270D-2445-476A-A491-D9EDD2D2886E}"
EndProject
Project("{FAE04EC0-301F-11D3-BF4B-00C04F79EFBC}") = "NHibernaut.Server.Host", "src\NHibernaut.Server.Host\NHibernaut.Server.Host.csproj", "{9422DE4D-84B4-41FC-8884-1B91744469D3}"
EndProject
Global
	GlobalSection(SolutionConfigurationPlatforms) = preSolution
		Debug|Any CPU = Debug|Any CPU
		Debug|x64 = Debug|x64
		Debug|x86 = Debug|x86
		Release|Any CPU = Release|Any CPU
		Release|x64 = Release|x64
		Release|x86 = Release|x86
	EndGlobalSection
	GlobalSection(ProjectConfigurationPlatforms) = postSolution
		{B13FF440-5701-4B10-BDCF-2C3EB07727CA}.Debug|Any CPU.ActiveCfg = Debug|Any CPU
		{B13FF440-5701-4B10-BDCF-2C3EB07727CA}.Debug|Any CPU.Build.0 = Debug|Any CPU
		{B13FF440-5701-4B10-BDCF-2C3EB07727CA}.Debug|x64.ActiveCfg = Debug|Any CPU
		{B13FF440-5701-4B10-BDCF-2C3EB07727CA}.Debug|x64.Build.0 = Debug|Any CPU
		{B13FF440-5701-4B10-BDCF-2C3EB07727CA}.Debug|x86.ActiveCfg = Debug|Any CPU
		{B13FF440-5701-4B10-BDCF-2C3EB07727CA}.Debug|x86.Build.0 = Debug|Any CPU
		{B13FF440-5701-4B10-BDCF-2C3EB07727CA}.Release|Any CPU.ActiveCfg = Release|Any CPU
		{B13FF440-5701-4B10-BDCF-2C3EB07727CA}.Release|Any CPU.Build.0 = Release|Any CPU
		{B13FF440-5701-4B10-BDCF-2C3EB07727CA}.Release|x64.ActiveCfg = Release|Any CPU
		{B13FF440-5701-4B10-BDCF-2C3EB07727CA}.Release|x64.Build.0 = Release|Any CPU
		{B13FF440-5701-4B10-BDCF-2C3EB07727CA}.Release|x86.ActiveCfg = Release|Any CPU
		{B13FF440-5701-4B10-BDCF-2C3EB07727CA}.Release|x86.Build.0 = Release|Any CPU
		{4A672CD5-97FE-49D1-8D4F-86E89AA05038}.Debug|Any CPU.ActiveCfg = Debug|Any CPU
		{4A672CD5-97FE-49D1-8D4F-86E89AA05038}.Debug|Any CPU.Build.0 = Debug|Any CPU
		{4A672CD5-97FE-49D1-8D4F-86E89AA05038}.Debug|x64.ActiveCfg = Debug|Any CPU
		{4A672CD5-97FE-49D1-8D4F-86E89AA05038}.Debug|x64.Build.0 = Debug|Any CPU
		{4A672CD5-97FE-49D1-8D4F-86E89AA05038}.Debug|x86.ActiveCfg = Debug|Any CPU
		{4A672CD5-97FE-49D1-8D4F-86E89AA05038}.Debug|x86.Build.0 = Debug|Any CPU
		{4A672CD5-97FE-49D1-8D4F-86E89AA05038}.Release|Any CPU.ActiveCfg = Release|Any CPU
		{4A672CD5-97FE-49D1-8D4F-86E89AA05038}.Release|Any CPU.Build.0 = Release|Any CPU
		{4A672CD5-97FE-49D1-8D4F-86E89AA05038}.Release|x64.ActiveCfg = Release|Any CPU
		{4A672CD5-97FE-49D1-8D4F-86E89AA05038}.Release|x64.Build.0 = Release|Any CPU
		{4A672CD5-97FE-49D1-8D4F-86E89AA05038}.Release|x86.ActiveCfg = Release|Any CPU
		{4A672CD5-97FE-49D1-8D4F-86E89AA05038}.Release|x86.Build.0 = Release|Any CPU
		{8EF9926F-D81E-4483-BA74-610E1DE2AC38}.Debug|Any CPU.ActiveCfg = Debug|Any CPU
		{8EF9926F-D81E-4483-BA74-610E1DE2AC38}.Debug|Any CPU.Build.0 = Debug|Any CPU
		{8EF9926F-D81E-4483-BA74-610E1DE2AC38}.Debug|x64.ActiveCfg = Debug|Any CPU
		{8EF9926F-D81E-4483-BA74-610E1DE2AC38}.Debug|x64.Build.0 = Debug|Any CPU
		{8EF9926F-D81E-4483-BA74-610E1DE2AC38}.Debug|x86.ActiveCfg = Debug|Any CPU
		{8EF9926F-D81E-4483-BA74-610E1DE2AC38}.Debug|x86.Build.0 = Debug|Any CPU
		{8EF9926F-D81E-4483-BA74-610E1DE2AC38}.Release|Any CPU.ActiveCfg = Release|Any CPU
		{8EF9926F-D81E-4483-BA74-610E1DE2AC38}.Release|Any CPU.Build.0 = Release|Any CPU
		{8EF9926F-D81E-4483-BA74-610E1DE2AC38}.Release|x64.ActiveCfg = Release|Any CPU
		{8EF9926F-D81E-4483-BA74-610E1DE2AC38}.Release|x64.Build.0 = Release|Any CPU
		{8EF9926F-D81E-4483-BA74-610E1DE2AC38}.Release|x86.ActiveCfg = Release|Any CPU
		{8EF9926F-D81E-4483-BA74-610E1DE2AC38}.Release|x86.Build.0 = Release|Any CPU
		{C6B6D6CC-6354-478C-B3B5-8E21A2B2AFFA}.Debug|Any CPU.ActiveCfg = Debug|Any CPU
		{C6B6D6CC-6354-478C-B3B5-8E21A2B2AFFA}.Debug|Any CPU.Build.0 = Debug|Any CPU
		{C6B6D6CC-6354-478C-B3B5-8E21A2B2AFFA}.Debug|x64.ActiveCfg = Debug|Any CPU
		{C6B6D6CC-6354-478C-B3B5-8E21A2B2AFFA}.Debug|x64.Build.0 = Debug|Any CPU
		{C6B6D6CC-6354-478C-B3B5-8E21A2B2AFFA}.Debug|x86.ActiveCfg = Debug|Any CPU
		{C6B6D6CC-6354-478C-B3B5-8E21A2B2AFFA}.Debug|x86.Build.0 = Debug|Any CPU
		{C6B6D6CC-6354-478C-B3B5-8E21A2B2AFFA}.Release|Any CPU.ActiveCfg = Release|Any CPU
		{C6B6D6CC-6354-478C-B3B5-8E21A2B2AFFA}.Release|Any CPU.Build.0 = Release|Any CPU
		{C6B6D6CC-6354-478C-B3B5-8E21A2B2AFFA}.Release|x64.ActiveCfg = Release|Any CPU
		{C6B6D6CC-6354-478C-B3B5-8E21A2B2AFFA}.Release|x64.Build.0 = Release|Any CPU
		{C6B6D6CC-6354-478C-B3B5-8E21A2B2AFFA}.Release|x86.ActiveCfg = Release|Any CPU
		{C6B6D6CC-6354-478C-B3B5-8E21A2B2AFFA}.Release|x86.Build.0 = Release|Any CPU
		{83B70CA1-B2A7-4CD9-8BD0-FCC7D1D54E25}.Debug|Any CPU.ActiveCfg = Debug|Any CPU
		{83B70CA1-B2A7-4CD9-8BD0-FCC7D1D54E25}.Debug|Any CPU.Build.0 = Debug|Any CPU
		{83B70CA1-B2A7-4CD9-8BD0-FCC7D1D54E25}.Debug|x64.ActiveCfg = Debug|Any CPU
		{83B70CA1-B2A7-4CD9-8BD0-FCC7D1D54E25}.Debug|x64.Build.0 = Debug|Any CPU
		{83B70CA1-B2A7-4CD9-8BD0-FCC7D1D54E25}.Debug|x86.ActiveCfg = Debug|Any CPU
		{83B70CA1-B2A7-4CD9-8BD0-FCC7D1D54E25}.Debug|x86.Build.0 = Debug|Any CPU
		{83B70CA1-B2A7-4CD9-8BD0-FCC7D1D54E25}.Release|Any CPU.ActiveCfg = Release|Any CPU
		{83B70CA1-B2A7-4CD9-8BD0-FCC7D1D54E25}.Release|Any CPU.Build.0 = Release|Any CPU
		{83B70CA1-B2A7-4CD9-8BD0-FCC7D1D54E25}.Release|x64.ActiveCfg = Release|Any CPU
		{83B70CA1-B2A7-4CD9-8BD0-FCC7D1D54E25}.Release|x64.Build.0 = Release|Any CPU
		{83B70CA1-B2A7-4CD9-8BD0-FCC7D1D54E25}.Release|x86.ActiveCfg = Release|Any CPU
		{83B70CA1-B2A7-4CD9-8BD0-FCC7D1D54E25}.Release|x86.Build.0 = Release|Any CPU
		{1A18270D-2445-476A-A491-D9EDD2D2886E}.Debug|Any CPU.ActiveCfg = Debug|Any CPU
		{1A18270D-2445-476A-A491-D9EDD2D2886E}.Debug|Any CPU.Build.0 = Debug|Any CPU
		{1A18270D-2445-476A-A491-D9EDD2D2886E}.Debug|x64.ActiveCfg = Debug|Any CPU
		{1A18270D-2445-476A-A491-D9EDD2D2886E}.Debug|x64.Build.0 = Debug|Any CPU
		{1A18270D-2445-476A-A491-D9EDD2D2886E}.Debug|x86.ActiveCfg = Debug|Any CPU
		{1A18270D-2445-476A-A491-D9EDD2D2886E}.Debug|x86.Build.0 = Debug|Any CPU
		{1A18270D-2445-476A-A491-D9EDD2D2886E}.Release|Any CPU.ActiveCfg = Release|Any CPU
		{1A18270D-2445-476A-A491-D9EDD2D2886E}.Release|Any CPU.Build.0 = Release|Any CPU
		{1A18270D-2445-476A-A491-D9EDD2D2886E}.Release|x64.ActiveCfg = Release|Any CPU
		{1A18270D-2445-476A-A491-D9EDD2D2886E}.Release|x64.Build.0 = Release|Any CPU
		{1A18270D-2445-476A-A491-D9EDD2D2886E}.Release|x86.ActiveCfg = Release|Any CPU
		{1A18270D-2445-476A-A491-D9EDD2D2886E}.Release|x86.Build.0 = Release|Any CPU
		{9422DE4D-84B4-41FC-8884-1B91744469D3}.Debug|Any CPU.ActiveCfg = Debug|Any CPU
		{9422DE4D-84B4-41FC-8884-1B91744469D3}.Debug|Any CPU.Build.0 = Debug|Any CPU
		{9422DE4D-84B4-41FC-8884-1B91744469D3}.Debug|x64.ActiveCfg = Debug|Any CPU
		{9422DE4D-84B4-41FC-8884-1B91744469D3}.Debug|x64.Build.0 = Debug|Any CPU
		{9422DE4D-84B4-41FC-8884-1B91744469D3}.Debug|x86.ActiveCfg = Debug|Any CPU
		{9422DE4D-84B4-41FC-8884-1B91744469D3}.Debug|x86.Build.0 = Debug|Any CPU
		{9422DE4D-84B4-41FC-8884-1B91744469D3}.Release|Any CPU.ActiveCfg = Release|Any CPU
		{9422DE4D-84B4-41FC-8884-1B91744469D3}.Release|Any CPU.Build.0 = Release|Any CPU
		{9422DE4D-84B4-41FC-8884-1B91744469D3}.Release|x64.ActiveCfg = Release|Any CPU
		{9422DE4D-84B4-41FC-8884-1B91744469D3}.Release|x64.Build.0 = Release|Any CPU
		{9422DE4D-84B4-41FC-8884-1B91744469D3}.Release|x86.ActiveCfg = Release|Any CPU
		{9422DE4D-84B4-41FC-8884-1B91744469D3}.Release|x86.Build.0 = Release|Any CPU
	EndGlobalSection
	GlobalSection(SolutionProperties) = preSolution
		HideSolutionNode = FALSE
	EndGlobalSection
	GlobalSection(NestedProjects) = preSolution
		{B13FF440-5701-4B10-BDCF-2C3EB07727CA} = {B823569F-1A84-4195-A7E3-395A74E43E89}
		{4A672CD5-97FE-49D1-8D4F-86E89AA05038} = {B823569F-1A84-4195-A7E3-395A74E43E89}
		{8EF9926F-D81E-4483-BA74-610E1DE2AC38} = {71AFD785-8D57-4F08-B623-ECCD3DCDB520}
		{C6B6D6CC-6354-478C-B3B5-8E21A2B2AFFA} = {5D20AA90-6969-D8BD-9DCD-8634F4692FDA}
		{83B70CA1-B2A7-4CD9-8BD0-FCC7D1D54E25} = {B823569F-1A84-4195-A7E3-395A74E43E89}
		{1A18270D-2445-476A-A491-D9EDD2D2886E} = {5D20AA90-6969-D8BD-9DCD-8634F4692FDA}
		{9422DE4D-84B4-41FC-8884-1B91744469D3} = {B823569F-1A84-4195-A7E3-395A74E43E89}
	EndGlobalSection
EndGlobal
